
Microsoft Visual Studio Solution File, Format Version 12.00
# Visual Studio Version 17
VisualStudioVersion = 17.9.34723.18
MinimumVisualStudioVersion = 10.0.40219.1
Project("{FAE04EC0-301F-11D3-BF4B-00C04F79EFBC}") = "Grocer.ly", "Grocer.ly\Grocer.ly.csproj", "{6CC9B9BC-05C3-45FD-95A7-D0626B5735D3}"
EndProject
Global
	GlobalSection(SolutionConfigurationPlatforms) = preSolution
		Debug|Any CPU = Debug|Any CPU
		Release|Any CPU = Release|Any CPU
	EndGlobalSection
	GlobalSection(ProjectConfigurationPlatforms) = postSolution
		{6CC9B9BC-05C3-45FD-95A7-D0626B5735D3}.Debug|Any CPU.ActiveCfg = Debug|Any CPU
		{6CC9B9BC-05C3-45FD-95A7-D0626B5735D3}.Debug|Any CPU.Build.0 = Debug|Any CPU
		{6CC9B9BC-05C3-45FD-95A7-D0626B5735D3}.Release|Any CPU.ActiveCfg = Release|Any CPU
		{6CC9B9BC-05C3-45FD-95A7-D0626B5735D3}.Release|Any CPU.Build.0 = Release|Any CPU
	EndGlobalSection
	GlobalSection(SolutionProperties) = preSolution
		HideSolutionNode = FALSE
	EndGlobalSection
	GlobalSection(ExtensibilityGlobals) = postSolution
		SolutionGuid = {B4055D82-35F4-4858-A636-7F0C385E3048}
	EndGlobalSection
EndGlobal
